// !$*UTF8*$!
{
	archiveVersion = 1;
	classes = {
	};
	objectVersion = 55;
	objects = {

/* Begin PBXBuildFile section */
		1818D9F1281E507600CB0BE9 /* TCConstants.swift in Sources */ = {isa = PBXBuildFile; fileRef = 1818D9F0281E507600CB0BE9 /* TCConstants.swift */; };
		1818D9F8281E59C700CB0BE9 /* TCDefaultStoryTableViewCell.swift in Sources */ = {isa = PBXBuildFile; fileRef = 1818D9F6281E59C700CB0BE9 /* TCDefaultStoryTableViewCell.swift */; };
		1818D9F9281E59C700CB0BE9 /* TCDefaultStoryTableViewCell.xib in Resources */ = {isa = PBXBuildFile; fileRef = 1818D9F7281E59C700CB0BE9 /* TCDefaultStoryTableViewCell.xib */; };
		1818D9FD281E5A0000CB0BE9 /* TCHybridStoryTableViewCell.swift in Sources */ = {isa = PBXBuildFile; fileRef = 1818D9FB281E5A0000CB0BE9 /* TCHybridStoryTableViewCell.swift */; };
		1818D9FE281E5A0000CB0BE9 /* TCHybridStoryTableViewCell.xib in Resources */ = {isa = PBXBuildFile; fileRef = 1818D9FC281E5A0000CB0BE9 /* TCHybridStoryTableViewCell.xib */; };
		1818DA01281E5A2700CB0BE9 /* TCPromotionStoryTableViewCell.swift in Sources */ = {isa = PBXBuildFile; fileRef = 1818D9FF281E5A2700CB0BE9 /* TCPromotionStoryTableViewCell.swift */; };
		1818DA02281E5A2700CB0BE9 /* TCPromotionStoryTableViewCell.xib in Resources */ = {isa = PBXBuildFile; fileRef = 1818DA00281E5A2700CB0BE9 /* TCPromotionStoryTableViewCell.xib */; };
		1818DA04281E5A4600CB0BE9 /* TCCourseViewModel.swift in Sources */ = {isa = PBXBuildFile; fileRef = 1818DA03281E5A4600CB0BE9 /* TCCourseViewModel.swift */; };
		1818DA06281E5A7800CB0BE9 /* TCStoryViewModel.swift in Sources */ = {isa = PBXBuildFile; fileRef = 1818DA05281E5A7800CB0BE9 /* TCStoryViewModel.swift */; };
		1818DA09281EA40C00CB0BE9 /* TCUtility.swift in Sources */ = {isa = PBXBuildFile; fileRef = 1818DA08281EA40C00CB0BE9 /* TCUtility.swift */; };
		1818DA0B281EACF300CB0BE9 /* TCStoryFooterViewModel.swift in Sources */ = {isa = PBXBuildFile; fileRef = 1818DA0A281EACF300CB0BE9 /* TCStoryFooterViewModel.swift */; };
		1818DA0D281EAD0F00CB0BE9 /* TCStoryHeaderViewModel.swift in Sources */ = {isa = PBXBuildFile; fileRef = 1818DA0C281EAD0F00CB0BE9 /* TCStoryHeaderViewModel.swift */; };
		1818DA10281EF0A300CB0BE9 /* TCPlaceholderViewController.swift in Sources */ = {isa = PBXBuildFile; fileRef = 1818DA0F281EF0A300CB0BE9 /* TCPlaceholderViewController.swift */; };
		1818DA12281EF0D900CB0BE9 /* TCPlaceholderViewController.storyboard in Resources */ = {isa = PBXBuildFile; fileRef = 1818DA11281EF0D900CB0BE9 /* TCPlaceholderViewController.storyboard */; };
		1818DA14281F039B00CB0BE9 /* TCCustomBarButton.swift in Sources */ = {isa = PBXBuildFile; fileRef = 1818DA13281F039B00CB0BE9 /* TCCustomBarButton.swift */; };
		1818DA16281F074300CB0BE9 /* App.plist in Resources */ = {isa = PBXBuildFile; fileRef = 1818DA15281F074300CB0BE9 /* App.plist */; };
		1818DA18281F079900CB0BE9 /* TCAppConfiguration.swift in Sources */ = {isa = PBXBuildFile; fileRef = 1818DA17281F079900CB0BE9 /* TCAppConfiguration.swift */; };
		1818DA1A281F092600CB0BE9 /* TCParserUtility.swift in Sources */ = {isa = PBXBuildFile; fileRef = 1818DA19281F092600CB0BE9 /* TCParserUtility.swift */; };
		185A3FC5281D65F6009331E6 /* TCHomeViewController.storyboard in Resources */ = {isa = PBXBuildFile; fileRef = 185A3FC4281D65F6009331E6 /* TCHomeViewController.storyboard */; };
		185A3FC7281D6627009331E6 /* TCHomeViewController.swift in Sources */ = {isa = PBXBuildFile; fileRef = 185A3FC6281D6627009331E6 /* TCHomeViewController.swift */; };
		185A3FD4281D7035009331E6 /* TCNetworkService.swift in Sources */ = {isa = PBXBuildFile; fileRef = 185A3FD3281D7035009331E6 /* TCNetworkService.swift */; };
		185A3FD6281D7D37009331E6 /* TCContextItem.swift in Sources */ = {isa = PBXBuildFile; fileRef = 185A3FD5281D7D37009331E6 /* TCContextItem.swift */; };
		187BF806281CFF7D00A0C2E2 /* AppDelegate.swift in Sources */ = {isa = PBXBuildFile; fileRef = 187BF805281CFF7D00A0C2E2 /* AppDelegate.swift */; };
		187BF808281CFF7D00A0C2E2 /* SceneDelegate.swift in Sources */ = {isa = PBXBuildFile; fileRef = 187BF807281CFF7D00A0C2E2 /* SceneDelegate.swift */; };
		187BF810281CFF7D00A0C2E2 /* TringConnect.xcdatamodeld in Sources */ = {isa = PBXBuildFile; fileRef = 187BF80E281CFF7D00A0C2E2 /* TringConnect.xcdatamodeld */; };
		187BF812281CFF7E00A0C2E2 /* Assets.xcassets in Resources */ = {isa = PBXBuildFile; fileRef = 187BF811281CFF7E00A0C2E2 /* Assets.xcassets */; };
		187BF815281CFF7E00A0C2E2 /* TCLaunchScreen.storyboard in Resources */ = {isa = PBXBuildFile; fileRef = 187BF813281CFF7E00A0C2E2 /* TCLaunchScreen.storyboard */; };
		187BF820281CFF7E00A0C2E2 /* TringConnectTests.swift in Sources */ = {isa = PBXBuildFile; fileRef = 187BF81F281CFF7E00A0C2E2 /* TringConnectTests.swift */; };
		187BF82A281CFF7E00A0C2E2 /* TringConnectUITests.swift in Sources */ = {isa = PBXBuildFile; fileRef = 187BF829281CFF7E00A0C2E2 /* TringConnectUITests.swift */; };
		187BF82C281CFF7E00A0C2E2 /* TringConnectUITestsLaunchTests.swift in Sources */ = {isa = PBXBuildFile; fileRef = 187BF82B281CFF7E00A0C2E2 /* TringConnectUITestsLaunchTests.swift */; };
		1895CFF2281F1098004815CE /* TCImageDetailViewController.storyboard in Resources */ = {isa = PBXBuildFile; fileRef = 1895CFF1281F1098004815CE /* TCImageDetailViewController.storyboard */; };
		1895CFF4281F10C3004815CE /* TCImageDetailViewController.swift in Sources */ = {isa = PBXBuildFile; fileRef = 1895CFF3281F10C3004815CE /* TCImageDetailViewController.swift */; };
		18B3C5D5281F3F2100855682 /* Poppins-Regular.ttf in Resources */ = {isa = PBXBuildFile; fileRef = 18B3C5D4281F3F2100855682 /* Poppins-Regular.ttf */; };
		18B3C5D7281F40A000855682 /* Poppins-SemiBold.ttf in Resources */ = {isa = PBXBuildFile; fileRef = 18B3C5D6281F40A000855682 /* Poppins-SemiBold.ttf */; };
		18B3C5D9281F412300855682 /* Poppins-Light.ttf in Resources */ = {isa = PBXBuildFile; fileRef = 18B3C5D8281F412300855682 /* Poppins-Light.ttf */; };
		18B3C5DB281F421600855682 /* Poppins-Medium.ttf in Resources */ = {isa = PBXBuildFile; fileRef = 18B3C5DA281F421300855682 /* Poppins-Medium.ttf */; };
		18CAD7B6281D96E700A07626 /* TCHomeViewModel.swift in Sources */ = {isa = PBXBuildFile; fileRef = 18CAD7B5281D96E700A07626 /* TCHomeViewModel.swift */; };
		18CAD7BB281D9C7400A07626 /* TCHighlightTableViewCell.swift in Sources */ = {isa = PBXBuildFile; fileRef = 18CAD7B9281D9C7400A07626 /* TCHighlightTableViewCell.swift */; };
		18CAD7BC281D9C7400A07626 /* TCHighlightTableViewCell.xib in Resources */ = {isa = PBXBuildFile; fileRef = 18CAD7BA281D9C7400A07626 /* TCHighlightTableViewCell.xib */; };
		18CAD7C1281D9CFE00A07626 /* TCHighlightCollectionViewCell.swift in Sources */ = {isa = PBXBuildFile; fileRef = 18CAD7BF281D9CFE00A07626 /* TCHighlightCollectionViewCell.swift */; };
		18CAD7C2281D9CFE00A07626 /* TCHighlightCollectionViewCell.xib in Resources */ = {isa = PBXBuildFile; fileRef = 18CAD7C0281D9CFE00A07626 /* TCHighlightCollectionViewCell.xib */; };
		18CAD7C4281D9EA700A07626 /* TCHighlightViewModel.swift in Sources */ = {isa = PBXBuildFile; fileRef = 18CAD7C3281D9EA700A07626 /* TCHighlightViewModel.swift */; };
		18CAD7C9281DA44B00A07626 /* TCStoryHeaderView.swift in Sources */ = {isa = PBXBuildFile; fileRef = 18CAD7C8281DA44B00A07626 /* TCStoryHeaderView.swift */; };
		18CAD7CB281DA46100A07626 /* TCStoryHeaderView.xib in Resources */ = {isa = PBXBuildFile; fileRef = 18CAD7CA281DA46100A07626 /* TCStoryHeaderView.xib */; };
		18CAD7CD281DA48600A07626 /* TCStoryFooterView.xib in Resources */ = {isa = PBXBuildFile; fileRef = 18CAD7CC281DA48600A07626 /* TCStoryFooterView.xib */; };
		18CAD7CF281DA4A100A07626 /* TCStoryFooterView.swift in Sources */ = {isa = PBXBuildFile; fileRef = 18CAD7CE281DA4A100A07626 /* TCStoryFooterView.swift */; };
		18CAD7D3281DB30500A07626 /* TCCourseTableViewCell.swift in Sources */ = {isa = PBXBuildFile; fileRef = 18CAD7D1281DB30500A07626 /* TCCourseTableViewCell.swift */; };
		18CAD7D4281DB30500A07626 /* TCCourseTableViewCell.xib in Resources */ = {isa = PBXBuildFile; fileRef = 18CAD7D2281DB30500A07626 /* TCCourseTableViewCell.xib */; };
		18CAD7DA281DB4ED00A07626 /* TCCourseCollectionViewCell.swift in Sources */ = {isa = PBXBuildFile; fileRef = 18CAD7D8281DB4ED00A07626 /* TCCourseCollectionViewCell.swift */; };
		18CAD7DB281DB4ED00A07626 /* TCCourseCollectionViewCell.xib in Resources */ = {isa = PBXBuildFile; fileRef = 18CAD7D9281DB4ED00A07626 /* TCCourseCollectionViewCell.xib */; };
		8C18BFDE8C8E6BC2DE800527 /* Pods_TringConnect.framework in Frameworks */ = {isa = PBXBuildFile; fileRef = 1C8ACF36AB1CC7FC479A9B58 /* Pods_TringConnect.framework */; };
/* End PBXBuildFile section */

/* Begin PBXContainerItemProxy section */
		187BF81C281CFF7E00A0C2E2 /* PBXContainerItemProxy */ = {
			isa = PBXContainerItemProxy;
			containerPortal = 187BF7FA281CFF7D00A0C2E2 /* Project object */;
			proxyType = 1;
			remoteGlobalIDString = 187BF801281CFF7D00A0C2E2;
			remoteInfo = TringConnect;
		};
		187BF826281CFF7E00A0C2E2 /* PBXContainerItemProxy */ = {
			isa = PBXContainerItemProxy;
			containerPortal = 187BF7FA281CFF7D00A0C2E2 /* Project object */;
			proxyType = 1;
			remoteGlobalIDString = 187BF801281CFF7D00A0C2E2;
			remoteInfo = TringConnect;
		};
/* End PBXContainerItemProxy section */

/* Begin PBXFileReference section */
		1818D9F0281E507600CB0BE9 /* TCConstants.swift */ = {isa = PBXFileReference; lastKnownFileType = sourcecode.swift; path = TCConstants.swift; sourceTree = "<group>"; };
		1818D9F6281E59C700CB0BE9 /* TCDefaultStoryTableViewCell.swift */ = {isa = PBXFileReference; lastKnownFileType = sourcecode.swift; path = TCDefaultStoryTableViewCell.swift; sourceTree = "<group>"; };
		1818D9F7281E59C700CB0BE9 /* TCDefaultStoryTableViewCell.xib */ = {isa = PBXFileReference; lastKnownFileType = file.xib; path = TCDefaultStoryTableViewCell.xib; sourceTree = "<group>"; };
		1818D9FB281E5A0000CB0BE9 /* TCHybridStoryTableViewCell.swift */ = {isa = PBXFileReference; lastKnownFileType = sourcecode.swift; path = TCHybridStoryTableViewCell.swift; sourceTree = "<group>"; };
		1818D9FC281E5A0000CB0BE9 /* TCHybridStoryTableViewCell.xib */ = {isa = PBXFileReference; lastKnownFileType = file.xib; path = TCHybridStoryTableViewCell.xib; sourceTree = "<group>"; };
		1818D9FF281E5A2700CB0BE9 /* TCPromotionStoryTableViewCell.swift */ = {isa = PBXFileReference; lastKnownFileType = sourcecode.swift; path = TCPromotionStoryTableViewCell.swift; sourceTree = "<group>"; };
		1818DA00281E5A2700CB0BE9 /* TCPromotionStoryTableViewCell.xib */ = {isa = PBXFileReference; lastKnownFileType = file.xib; path = TCPromotionStoryTableViewCell.xib; sourceTree = "<group>"; };
		1818DA03281E5A4600CB0BE9 /* TCCourseViewModel.swift */ = {isa = PBXFileReference; lastKnownFileType = sourcecode.swift; path = TCCourseViewModel.swift; sourceTree = "<group>"; };
		1818DA05281E5A7800CB0BE9 /* TCStoryViewModel.swift */ = {isa = PBXFileReference; lastKnownFileType = sourcecode.swift; path = TCStoryViewModel.swift; sourceTree = "<group>"; };
		1818DA08281EA40C00CB0BE9 /* TCUtility.swift */ = {isa = PBXFileReference; lastKnownFileType = sourcecode.swift; path = TCUtility.swift; sourceTree = "<group>"; };
		1818DA0A281EACF300CB0BE9 /* TCStoryFooterViewModel.swift */ = {isa = PBXFileReference; lastKnownFileType = sourcecode.swift; path = TCStoryFooterViewModel.swift; sourceTree = "<group>"; };
		1818DA0C281EAD0F00CB0BE9 /* TCStoryHeaderViewModel.swift */ = {isa = PBXFileReference; lastKnownFileType = sourcecode.swift; path = TCStoryHeaderViewModel.swift; sourceTree = "<group>"; };
		1818DA0F281EF0A300CB0BE9 /* TCPlaceholderViewController.swift */ = {isa = PBXFileReference; lastKnownFileType = sourcecode.swift; path = TCPlaceholderViewController.swift; sourceTree = "<group>"; };
		1818DA11281EF0D900CB0BE9 /* TCPlaceholderViewController.storyboard */ = {isa = PBXFileReference; lastKnownFileType = file.storyboard; path = TCPlaceholderViewController.storyboard; sourceTree = "<group>"; };
		1818DA13281F039B00CB0BE9 /* TCCustomBarButton.swift */ = {isa = PBXFileReference; lastKnownFileType = sourcecode.swift; path = TCCustomBarButton.swift; sourceTree = "<group>"; };
		1818DA15281F074300CB0BE9 /* App.plist */ = {isa = PBXFileReference; lastKnownFileType = text.plist.xml; path = App.plist; sourceTree = "<group>"; };
		1818DA17281F079900CB0BE9 /* TCAppConfiguration.swift */ = {isa = PBXFileReference; lastKnownFileType = sourcecode.swift; path = TCAppConfiguration.swift; sourceTree = "<group>"; };
		1818DA19281F092600CB0BE9 /* TCParserUtility.swift */ = {isa = PBXFileReference; lastKnownFileType = sourcecode.swift; path = TCParserUtility.swift; sourceTree = "<group>"; };
		185A3FC4281D65F6009331E6 /* TCHomeViewController.storyboard */ = {isa = PBXFileReference; lastKnownFileType = file.storyboard; path = TCHomeViewController.storyboard; sourceTree = "<group>"; };
		185A3FC6281D6627009331E6 /* TCHomeViewController.swift */ = {isa = PBXFileReference; lastKnownFileType = sourcecode.swift; path = TCHomeViewController.swift; sourceTree = "<group>"; };
		185A3FD3281D7035009331E6 /* TCNetworkService.swift */ = {isa = PBXFileReference; lastKnownFileType = sourcecode.swift; path = TCNetworkService.swift; sourceTree = "<group>"; };
		185A3FD5281D7D37009331E6 /* TCContextItem.swift */ = {isa = PBXFileReference; lastKnownFileType = sourcecode.swift; path = TCContextItem.swift; sourceTree = "<group>"; };
		187BF802281CFF7D00A0C2E2 /* TringConnect.app */ = {isa = PBXFileReference; explicitFileType = wrapper.application; includeInIndex = 0; path = TringConnect.app; sourceTree = BUILT_PRODUCTS_DIR; };
		187BF805281CFF7D00A0C2E2 /* AppDelegate.swift */ = {isa = PBXFileReference; lastKnownFileType = sourcecode.swift; path = AppDelegate.swift; sourceTree = "<group>"; };
		187BF807281CFF7D00A0C2E2 /* SceneDelegate.swift */ = {isa = PBXFileReference; lastKnownFileType = sourcecode.swift; path = SceneDelegate.swift; sourceTree = "<group>"; };
		187BF80F281CFF7D00A0C2E2 /* TringConnect.xcdatamodel */ = {isa = PBXFileReference; lastKnownFileType = wrapper.xcdatamodel; path = TringConnect.xcdatamodel; sourceTree = "<group>"; };
		187BF811281CFF7E00A0C2E2 /* Assets.xcassets */ = {isa = PBXFileReference; lastKnownFileType = folder.assetcatalog; path = Assets.xcassets; sourceTree = "<group>"; };
		187BF814281CFF7E00A0C2E2 /* Base */ = {isa = PBXFileReference; lastKnownFileType = file.storyboard; name = Base; path = Base.lproj/TCLaunchScreen.storyboard; sourceTree = "<group>"; };
		187BF816281CFF7E00A0C2E2 /* Info.plist */ = {isa = PBXFileReference; lastKnownFileType = text.plist.xml; path = Info.plist; sourceTree = "<group>"; };
		187BF81B281CFF7E00A0C2E2 /* TringConnectTests.xctest */ = {isa = PBXFileReference; explicitFileType = wrapper.cfbundle; includeInIndex = 0; path = TringConnectTests.xctest; sourceTree = BUILT_PRODUCTS_DIR; };
		187BF81F281CFF7E00A0C2E2 /* TringConnectTests.swift */ = {isa = PBXFileReference; lastKnownFileType = sourcecode.swift; path = TringConnectTests.swift; sourceTree = "<group>"; };
		187BF825281CFF7E00A0C2E2 /* TringConnectUITests.xctest */ = {isa = PBXFileReference; explicitFileType = wrapper.cfbundle; includeInIndex = 0; path = TringConnectUITests.xctest; sourceTree = BUILT_PRODUCTS_DIR; };
		187BF829281CFF7E00A0C2E2 /* TringConnectUITests.swift */ = {isa = PBXFileReference; lastKnownFileType = sourcecode.swift; path = TringConnectUITests.swift; sourceTree = "<group>"; };
		187BF82B281CFF7E00A0C2E2 /* TringConnectUITestsLaunchTests.swift */ = {isa = PBXFileReference; lastKnownFileType = sourcecode.swift; path = TringConnectUITestsLaunchTests.swift; sourceTree = "<group>"; };
		1895CFF1281F1098004815CE /* TCImageDetailViewController.storyboard */ = {isa = PBXFileReference; lastKnownFileType = file.storyboard; path = TCImageDetailViewController.storyboard; sourceTree = "<group>"; };
		1895CFF3281F10C3004815CE /* TCImageDetailViewController.swift */ = {isa = PBXFileReference; lastKnownFileType = sourcecode.swift; path = TCImageDetailViewController.swift; sourceTree = "<group>"; };
		18B3C5D4281F3F2100855682 /* Poppins-Regular.ttf */ = {isa = PBXFileReference; lastKnownFileType = file; path = "Poppins-Regular.ttf"; sourceTree = "<group>"; };
		18B3C5D6281F40A000855682 /* Poppins-SemiBold.ttf */ = {isa = PBXFileReference; lastKnownFileType = file; path = "Poppins-SemiBold.ttf"; sourceTree = "<group>"; };
		18B3C5D8281F412300855682 /* Poppins-Light.ttf */ = {isa = PBXFileReference; lastKnownFileType = file; path = "Poppins-Light.ttf"; sourceTree = "<group>"; };
		18B3C5DA281F421300855682 /* Poppins-Medium.ttf */ = {isa = PBXFileReference; lastKnownFileType = file; path = "Poppins-Medium.ttf"; sourceTree = "<group>"; };
		18CAD7B5281D96E700A07626 /* TCHomeViewModel.swift */ = {isa = PBXFileReference; lastKnownFileType = sourcecode.swift; path = TCHomeViewModel.swift; sourceTree = "<group>"; };
		18CAD7B9281D9C7400A07626 /* TCHighlightTableViewCell.swift */ = {isa = PBXFileReference; lastKnownFileType = sourcecode.swift; path = TCHighlightTableViewCell.swift; sourceTree = "<group>"; };
		18CAD7BA281D9C7400A07626 /* TCHighlightTableViewCell.xib */ = {isa = PBXFileReference; lastKnownFileType = file.xib; path = TCHighlightTableViewCell.xib; sourceTree = "<group>"; };
		18CAD7BF281D9CFE00A07626 /* TCHighlightCollectionViewCell.swift */ = {isa = PBXFileReference; lastKnownFileType = sourcecode.swift; path = TCHighlightCollectionViewCell.swift; sourceTree = "<group>"; };
		18CAD7C0281D9CFE00A07626 /* TCHighlightCollectionViewCell.xib */ = {isa = PBXFileReference; lastKnownFileType = file.xib; path = TCHighlightCollectionViewCell.xib; sourceTree = "<group>"; };
		18CAD7C3281D9EA700A07626 /* TCHighlightViewModel.swift */ = {isa = PBXFileReference; lastKnownFileType = sourcecode.swift; path = TCHighlightViewModel.swift; sourceTree = "<group>"; };
		18CAD7C8281DA44B00A07626 /* TCStoryHeaderView.swift */ = {isa = PBXFileReference; lastKnownFileType = sourcecode.swift; path = TCStoryHeaderView.swift; sourceTree = "<group>"; };
		18CAD7CA281DA46100A07626 /* TCStoryHeaderView.xib */ = {isa = PBXFileReference; lastKnownFileType = file.xib; path = TCStoryHeaderView.xib; sourceTree = "<group>"; };
		18CAD7CC281DA48600A07626 /* TCStoryFooterView.xib */ = {isa = PBXFileReference; lastKnownFileType = file.xib; path = TCStoryFooterView.xib; sourceTree = "<group>"; };
		18CAD7CE281DA4A100A07626 /* TCStoryFooterView.swift */ = {isa = PBXFileReference; lastKnownFileType = sourcecode.swift; path = TCStoryFooterView.swift; sourceTree = "<group>"; };
		18CAD7D1281DB30500A07626 /* TCCourseTableViewCell.swift */ = {isa = PBXFileReference; lastKnownFileType = sourcecode.swift; path = TCCourseTableViewCell.swift; sourceTree = "<group>"; };
		18CAD7D2281DB30500A07626 /* TCCourseTableViewCell.xib */ = {isa = PBXFileReference; lastKnownFileType = file.xib; path = TCCourseTableViewCell.xib; sourceTree = "<group>"; };
		18CAD7D8281DB4ED00A07626 /* TCCourseCollectionViewCell.swift */ = {isa = PBXFileReference; lastKnownFileType = sourcecode.swift; path = TCCourseCollectionViewCell.swift; sourceTree = "<group>"; };
		18CAD7D9281DB4ED00A07626 /* TCCourseCollectionViewCell.xib */ = {isa = PBXFileReference; lastKnownFileType = file.xib; path = TCCourseCollectionViewCell.xib; sourceTree = "<group>"; };
		1C8ACF36AB1CC7FC479A9B58 /* Pods_TringConnect.framework */ = {isa = PBXFileReference; explicitFileType = wrapper.framework; includeInIndex = 0; path = Pods_TringConnect.framework; sourceTree = BUILT_PRODUCTS_DIR; };
		35A0280F11059B8AFA69D64F /* Pods-TringConnect.debug.xcconfig */ = {isa = PBXFileReference; includeInIndex = 1; lastKnownFileType = text.xcconfig; name = "Pods-TringConnect.debug.xcconfig"; path = "Target Support Files/Pods-TringConnect/Pods-TringConnect.debug.xcconfig"; sourceTree = "<group>"; };
		582B4BBED0D19D460F2C0131 /* Pods-TringConnect.release.xcconfig */ = {isa = PBXFileReference; includeInIndex = 1; lastKnownFileType = text.xcconfig; name = "Pods-TringConnect.release.xcconfig"; path = "Target Support Files/Pods-TringConnect/Pods-TringConnect.release.xcconfig"; sourceTree = "<group>"; };
/* End PBXFileReference section */

/* Begin PBXFrameworksBuildPhase section */
		187BF7FF281CFF7D00A0C2E2 /* Frameworks */ = {
			isa = PBXFrameworksBuildPhase;
			buildActionMask = 2147483647;
			files = (
				8C18BFDE8C8E6BC2DE800527 /* Pods_TringConnect.framework in Frameworks */,
			);
			runOnlyForDeploymentPostprocessing = 0;
		};
		187BF818281CFF7E00A0C2E2 /* Frameworks */ = {
			isa = PBXFrameworksBuildPhase;
			buildActionMask = 2147483647;
			files = (
			);
			runOnlyForDeploymentPostprocessing = 0;
		};
		187BF822281CFF7E00A0C2E2 /* Frameworks */ = {
			isa = PBXFrameworksBuildPhase;
			buildActionMask = 2147483647;
			files = (
			);
			runOnlyForDeploymentPostprocessing = 0;
		};
/* End PBXFrameworksBuildPhase section */

/* Begin PBXGroup section */
		180F7BABBDEE6128C071111A /* Frameworks */ = {
			isa = PBXGroup;
			children = (
				1C8ACF36AB1CC7FC479A9B58 /* Pods_TringConnect.framework */,
			);
			name = Frameworks;
			sourceTree = "<group>";
		};
		1818D9EF281E505700CB0BE9 /* Constants */ = {
			isa = PBXGroup;
			children = (
				1818D9F0281E507600CB0BE9 /* TCConstants.swift */,
			);
			path = Constants;
			sourceTree = "<group>";
		};
		1818D9F2281E58D600CB0BE9 /* StoryView */ = {
			isa = PBXGroup;
			children = (
				1818D9F5281E595800CB0BE9 /* TCPromotionStoryView */,
				1818D9F4281E594200CB0BE9 /* TCHybridStoryView */,
				1818D9F3281E592100CB0BE9 /* TCDefaultStoryView */,
				1818DA05281E5A7800CB0BE9 /* TCStoryViewModel.swift */,
			);
			path = StoryView;
			sourceTree = "<group>";
		};
		1818D9F3281E592100CB0BE9 /* TCDefaultStoryView */ = {
			isa = PBXGroup;
			children = (
				1818D9F6281E59C700CB0BE9 /* TCDefaultStoryTableViewCell.swift */,
				1818D9F7281E59C700CB0BE9 /* TCDefaultStoryTableViewCell.xib */,
			);
			path = TCDefaultStoryView;
			sourceTree = "<group>";
		};
		1818D9F4281E594200CB0BE9 /* TCHybridStoryView */ = {
			isa = PBXGroup;
			children = (
				1818D9FB281E5A0000CB0BE9 /* TCHybridStoryTableViewCell.swift */,
				1818D9FC281E5A0000CB0BE9 /* TCHybridStoryTableViewCell.xib */,
			);
			path = TCHybridStoryView;
			sourceTree = "<group>";
		};
		1818D9F5281E595800CB0BE9 /* TCPromotionStoryView */ = {
			isa = PBXGroup;
			children = (
				1818D9FF281E5A2700CB0BE9 /* TCPromotionStoryTableViewCell.swift */,
				1818DA00281E5A2700CB0BE9 /* TCPromotionStoryTableViewCell.xib */,
			);
			path = TCPromotionStoryView;
			sourceTree = "<group>";
		};
		1818DA07281EA3F300CB0BE9 /* Utilities */ = {
			isa = PBXGroup;
			children = (
				1818DA13281F039B00CB0BE9 /* TCCustomBarButton.swift */,
				1818DA08281EA40C00CB0BE9 /* TCUtility.swift */,
				1818DA19281F092600CB0BE9 /* TCParserUtility.swift */,
			);
			path = Utilities;
			sourceTree = "<group>";
		};
		1818DA0E281EF06500CB0BE9 /* PlaceholderController */ = {
			isa = PBXGroup;
			children = (
				1818DA0F281EF0A300CB0BE9 /* TCPlaceholderViewController.swift */,
				1818DA11281EF0D900CB0BE9 /* TCPlaceholderViewController.storyboard */,
			);
			path = PlaceholderController;
			sourceTree = "<group>";
		};
		185A3FBF281D651D009331E6 /* AppDelegates */ = {
			isa = PBXGroup;
			children = (
				187BF807281CFF7D00A0C2E2 /* SceneDelegate.swift */,
				187BF805281CFF7D00A0C2E2 /* AppDelegate.swift */,
			);
			path = AppDelegates;
			sourceTree = "<group>";
		};
		185A3FC0281D652F009331E6 /* Components */ = {
			isa = PBXGroup;
			children = (
				18CAD7C5281DA26A00A07626 /* Molecules */,
				18CAD7B7281D9C0500A07626 /* Organisms */,
				185A3FC1281D653D009331E6 /* Templates */,
			);
			path = Components;
			sourceTree = "<group>";
		};
		185A3FC1281D653D009331E6 /* Templates */ = {
			isa = PBXGroup;
			children = (
				185A3FC2281D6549009331E6 /* HomeViewController */,
				185A3FC3281D6594009331E6 /* LaunchScreen */,
				1895CFF0281F106C004815CE /* ImageDetailViewController */,
				1818DA0E281EF06500CB0BE9 /* PlaceholderController */,
			);
			path = Templates;
			sourceTree = "<group>";
		};
		185A3FC2281D6549009331E6 /* HomeViewController */ = {
			isa = PBXGroup;
			children = (
				185A3FC4281D65F6009331E6 /* TCHomeViewController.storyboard */,
				185A3FC6281D6627009331E6 /* TCHomeViewController.swift */,
				18CAD7B5281D96E700A07626 /* TCHomeViewModel.swift */,
			);
			path = HomeViewController;
			sourceTree = "<group>";
		};
		185A3FC3281D6594009331E6 /* LaunchScreen */ = {
			isa = PBXGroup;
			children = (
				187BF813281CFF7E00A0C2E2 /* TCLaunchScreen.storyboard */,
			);
			path = LaunchScreen;
			sourceTree = "<group>";
		};
		185A3FC8281D669D009331E6 /* SupportingFiles */ = {
			isa = PBXGroup;
			children = (
				1818DA07281EA3F300CB0BE9 /* Utilities */,
				1818D9EF281E505700CB0BE9 /* Constants */,
				185A3FD2281D7003009331E6 /* Models */,
				187BF816281CFF7E00A0C2E2 /* Info.plist */,
				1818DA15281F074300CB0BE9 /* App.plist */,
			);
			path = SupportingFiles;
			sourceTree = "<group>";
		};
		185A3FC9281D66DB009331E6 /* Resources */ = {
			isa = PBXGroup;
			children = (
				18B3C5D3281F3ED600855682 /* Fonts */,
				187BF811281CFF7E00A0C2E2 /* Assets.xcassets */,
				187BF80E281CFF7D00A0C2E2 /* TringConnect.xcdatamodeld */,
			);
			path = Resources;
			sourceTree = "<group>";
		};
		185A3FD0281D6FD0009331E6 /* Service */ = {
			isa = PBXGroup;
			children = (
				185A3FD1281D6FD8009331E6 /* NetworkService */,
			);
			path = Service;
			sourceTree = "<group>";
		};
		185A3FD1281D6FD8009331E6 /* NetworkService */ = {
			isa = PBXGroup;
			children = (
				185A3FD3281D7035009331E6 /* TCNetworkService.swift */,
			);
			path = NetworkService;
			sourceTree = "<group>";
		};
		185A3FD2281D7003009331E6 /* Models */ = {
			isa = PBXGroup;
			children = (
				185A3FD5281D7D37009331E6 /* TCContextItem.swift */,
				1818DA17281F079900CB0BE9 /* TCAppConfiguration.swift */,
			);
			path = Models;
			sourceTree = "<group>";
		};
		187BF7F9281CFF7D00A0C2E2 = {
			isa = PBXGroup;
			children = (
				187BF804281CFF7D00A0C2E2 /* TringConnect */,
				187BF81E281CFF7E00A0C2E2 /* TringConnectTests */,
				187BF828281CFF7E00A0C2E2 /* TringConnectUITests */,
				187BF803281CFF7D00A0C2E2 /* Products */,
				82170B8A2581F8D87CACBBDD /* Pods */,
				180F7BABBDEE6128C071111A /* Frameworks */,
			);
			sourceTree = "<group>";
		};
		187BF803281CFF7D00A0C2E2 /* Products */ = {
			isa = PBXGroup;
			children = (
				187BF802281CFF7D00A0C2E2 /* TringConnect.app */,
				187BF81B281CFF7E00A0C2E2 /* TringConnectTests.xctest */,
				187BF825281CFF7E00A0C2E2 /* TringConnectUITests.xctest */,
			);
			name = Products;
			sourceTree = "<group>";
		};
		187BF804281CFF7D00A0C2E2 /* TringConnect */ = {
			isa = PBXGroup;
			children = (
				185A3FD0281D6FD0009331E6 /* Service */,
				185A3FC9281D66DB009331E6 /* Resources */,
				185A3FC8281D669D009331E6 /* SupportingFiles */,
				185A3FC0281D652F009331E6 /* Components */,
				185A3FBF281D651D009331E6 /* AppDelegates */,
			);
			path = TringConnect;
			sourceTree = "<group>";
		};
		187BF81E281CFF7E00A0C2E2 /* TringConnectTests */ = {
			isa = PBXGroup;
			children = (
				187BF81F281CFF7E00A0C2E2 /* TringConnectTests.swift */,
			);
			path = TringConnectTests;
			sourceTree = "<group>";
		};
		187BF828281CFF7E00A0C2E2 /* TringConnectUITests */ = {
			isa = PBXGroup;
			children = (
				187BF829281CFF7E00A0C2E2 /* TringConnectUITests.swift */,
				187BF82B281CFF7E00A0C2E2 /* TringConnectUITestsLaunchTests.swift */,
			);
			path = TringConnectUITests;
			sourceTree = "<group>";
		};
		1895CFF0281F106C004815CE /* ImageDetailViewController */ = {
			isa = PBXGroup;
			children = (
				1895CFF1281F1098004815CE /* TCImageDetailViewController.storyboard */,
				1895CFF3281F10C3004815CE /* TCImageDetailViewController.swift */,
			);
			path = ImageDetailViewController;
			sourceTree = "<group>";
		};
		18B3C5D3281F3ED600855682 /* Fonts */ = {
			isa = PBXGroup;
			children = (
				18B3C5D8281F412300855682 /* Poppins-Light.ttf */,
				18B3C5D6281F40A000855682 /* Poppins-SemiBold.ttf */,
				18B3C5D4281F3F2100855682 /* Poppins-Regular.ttf */,
				18B3C5DA281F421300855682 /* Poppins-Medium.ttf */,
			);
			path = Fonts;
			sourceTree = "<group>";
		};
		18CAD7B7281D9C0500A07626 /* Organisms */ = {
			isa = PBXGroup;
			children = (
				1818D9F2281E58D600CB0BE9 /* StoryView */,
				18CAD7D0281DB2B800A07626 /* CourseView */,
				18CAD7B8281D9C1C00A07626 /* HighlightView */,
			);
			path = Organisms;
			sourceTree = "<group>";
		};
		18CAD7B8281D9C1C00A07626 /* HighlightView */ = {
			isa = PBXGroup;
			children = (
				18CAD7BE281D9CCA00A07626 /* CollectionViewCell */,
				18CAD7BD281D9CB700A07626 /* TableViewCell */,
				18CAD7C3281D9EA700A07626 /* TCHighlightViewModel.swift */,
			);
			path = HighlightView;
			sourceTree = "<group>";
		};
		18CAD7BD281D9CB700A07626 /* TableViewCell */ = {
			isa = PBXGroup;
			children = (
				18CAD7B9281D9C7400A07626 /* TCHighlightTableViewCell.swift */,
				18CAD7BA281D9C7400A07626 /* TCHighlightTableViewCell.xib */,
			);
			path = TableViewCell;
			sourceTree = "<group>";
		};
		18CAD7BE281D9CCA00A07626 /* CollectionViewCell */ = {
			isa = PBXGroup;
			children = (
				18CAD7BF281D9CFE00A07626 /* TCHighlightCollectionViewCell.swift */,
				18CAD7C0281D9CFE00A07626 /* TCHighlightCollectionViewCell.xib */,
			);
			path = CollectionViewCell;
			sourceTree = "<group>";
		};
		18CAD7C5281DA26A00A07626 /* Molecules */ = {
			isa = PBXGroup;
			children = (
				18CAD7C7281DA40000A07626 /* StoryFooterView */,
				18CAD7C6281DA3E000A07626 /* StoryHeaderView */,
			);
			path = Molecules;
			sourceTree = "<group>";
		};
		18CAD7C6281DA3E000A07626 /* StoryHeaderView */ = {
			isa = PBXGroup;
			children = (
				18CAD7C8281DA44B00A07626 /* TCStoryHeaderView.swift */,
				18CAD7CA281DA46100A07626 /* TCStoryHeaderView.xib */,
				1818DA0C281EAD0F00CB0BE9 /* TCStoryHeaderViewModel.swift */,
			);
			path = StoryHeaderView;
			sourceTree = "<group>";
		};
		18CAD7C7281DA40000A07626 /* StoryFooterView */ = {
			isa = PBXGroup;
			children = (
				18CAD7CC281DA48600A07626 /* TCStoryFooterView.xib */,
				18CAD7CE281DA4A100A07626 /* TCStoryFooterView.swift */,
				1818DA0A281EACF300CB0BE9 /* TCStoryFooterViewModel.swift */,
			);
			path = StoryFooterView;
			sourceTree = "<group>";
		};
		18CAD7D0281DB2B800A07626 /* CourseView */ = {
			isa = PBXGroup;
			children = (
				18CAD7D6281DB4B500A07626 /* CollectionViewCell */,
				18CAD7D5281DB4A200A07626 /* TableViewCell */,
				1818DA03281E5A4600CB0BE9 /* TCCourseViewModel.swift */,
			);
			path = CourseView;
			sourceTree = "<group>";
		};
		18CAD7D5281DB4A200A07626 /* TableViewCell */ = {
			isa = PBXGroup;
			children = (
				18CAD7D2281DB30500A07626 /* TCCourseTableViewCell.xib */,
				18CAD7D1281DB30500A07626 /* TCCourseTableViewCell.swift */,
			);
			path = TableViewCell;
			sourceTree = "<group>";
		};
		18CAD7D6281DB4B500A07626 /* CollectionViewCell */ = {
			isa = PBXGroup;
			children = (
				18CAD7D8281DB4ED00A07626 /* TCCourseCollectionViewCell.swift */,
				18CAD7D9281DB4ED00A07626 /* TCCourseCollectionViewCell.xib */,
			);
			path = CollectionViewCell;
			sourceTree = "<group>";
		};
		82170B8A2581F8D87CACBBDD /* Pods */ = {
			isa = PBXGroup;
			children = (
				35A0280F11059B8AFA69D64F /* Pods-TringConnect.debug.xcconfig */,
				582B4BBED0D19D460F2C0131 /* Pods-TringConnect.release.xcconfig */,
			);
			path = Pods;
			sourceTree = "<group>";
		};
/* End PBXGroup section */

/* Begin PBXNativeTarget section */
		187BF801281CFF7D00A0C2E2 /* TringConnect */ = {
			isa = PBXNativeTarget;
			buildConfigurationList = 187BF82F281CFF7E00A0C2E2 /* Build configuration list for PBXNativeTarget "TringConnect" */;
			buildPhases = (
				A5C8D12991F4E6D7E88FA130 /* [CP] Check Pods Manifest.lock */,
				187BF7FE281CFF7D00A0C2E2 /* Sources */,
				187BF7FF281CFF7D00A0C2E2 /* Frameworks */,
				187BF800281CFF7D00A0C2E2 /* Resources */,
				B71C4DF1DE1DD5D079AF5BCC /* [CP] Embed Pods Frameworks */,
			);
			buildRules = (
			);
			dependencies = (
			);
			name = TringConnect;
			productName = TringConnect;
			productReference = 187BF802281CFF7D00A0C2E2 /* TringConnect.app */;
			productType = "com.apple.product-type.application";
		};
		187BF81A281CFF7E00A0C2E2 /* TringConnectTests */ = {
			isa = PBXNativeTarget;
			buildConfigurationList = 187BF832281CFF7E00A0C2E2 /* Build configuration list for PBXNativeTarget "TringConnectTests" */;
			buildPhases = (
				187BF817281CFF7E00A0C2E2 /* Sources */,
				187BF818281CFF7E00A0C2E2 /* Frameworks */,
				187BF819281CFF7E00A0C2E2 /* Resources */,
			);
			buildRules = (
			);
			dependencies = (
				187BF81D281CFF7E00A0C2E2 /* PBXTargetDependency */,
			);
			name = TringConnectTests;
			productName = TringConnectTests;
			productReference = 187BF81B281CFF7E00A0C2E2 /* TringConnectTests.xctest */;
			productType = "com.apple.product-type.bundle.unit-test";
		};
		187BF824281CFF7E00A0C2E2 /* TringConnectUITests */ = {
			isa = PBXNativeTarget;
			buildConfigurationList = 187BF835281CFF7E00A0C2E2 /* Build configuration list for PBXNativeTarget "TringConnectUITests" */;
			buildPhases = (
				187BF821281CFF7E00A0C2E2 /* Sources */,
				187BF822281CFF7E00A0C2E2 /* Frameworks */,
				187BF823281CFF7E00A0C2E2 /* Resources */,
			);
			buildRules = (
			);
			dependencies = (
				187BF827281CFF7E00A0C2E2 /* PBXTargetDependency */,
			);
			name = TringConnectUITests;
			productName = TringConnectUITests;
			productReference = 187BF825281CFF7E00A0C2E2 /* TringConnectUITests.xctest */;
			productType = "com.apple.product-type.bundle.ui-testing";
		};
/* End PBXNativeTarget section */

/* Begin PBXProject section */
		187BF7FA281CFF7D00A0C2E2 /* Project object */ = {
			isa = PBXProject;
			attributes = {
				BuildIndependentTargetsInParallel = 1;
				CLASSPREFIX = TC;
				LastSwiftUpdateCheck = 1310;
				LastUpgradeCheck = 1310;
				TargetAttributes = {
					187BF801281CFF7D00A0C2E2 = {
						CreatedOnToolsVersion = 13.1;
					};
					187BF81A281CFF7E00A0C2E2 = {
						CreatedOnToolsVersion = 13.1;
						TestTargetID = 187BF801281CFF7D00A0C2E2;
					};
					187BF824281CFF7E00A0C2E2 = {
						CreatedOnToolsVersion = 13.1;
						TestTargetID = 187BF801281CFF7D00A0C2E2;
					};
				};
			};
			buildConfigurationList = 187BF7FD281CFF7D00A0C2E2 /* Build configuration list for PBXProject "TringConnect" */;
			compatibilityVersion = "Xcode 13.0";
			developmentRegion = en;
			hasScannedForEncodings = 0;
			knownRegions = (
				en,
				Base,
			);
			mainGroup = 187BF7F9281CFF7D00A0C2E2;
			productRefGroup = 187BF803281CFF7D00A0C2E2 /* Products */;
			projectDirPath = "";
			projectRoot = "";
			targets = (
				187BF801281CFF7D00A0C2E2 /* TringConnect */,
				187BF81A281CFF7E00A0C2E2 /* TringConnectTests */,
				187BF824281CFF7E00A0C2E2 /* TringConnectUITests */,
			);
		};
/* End PBXProject section */

/* Begin PBXResourcesBuildPhase section */
		187BF800281CFF7D00A0C2E2 /* Resources */ = {
			isa = PBXResourcesBuildPhase;
			buildActionMask = 2147483647;
			files = (
				1818DA02281E5A2700CB0BE9 /* TCPromotionStoryTableViewCell.xib in Resources */,
				18B3C5D9281F412300855682 /* Poppins-Light.ttf in Resources */,
				18CAD7CD281DA48600A07626 /* TCStoryFooterView.xib in Resources */,
				18CAD7DB281DB4ED00A07626 /* TCCourseCollectionViewCell.xib in Resources */,
				1818DA12281EF0D900CB0BE9 /* TCPlaceholderViewController.storyboard in Resources */,
				185A3FC5281D65F6009331E6 /* TCHomeViewController.storyboard in Resources */,
				187BF815281CFF7E00A0C2E2 /* TCLaunchScreen.storyboard in Resources */,
				1818D9FE281E5A0000CB0BE9 /* TCHybridStoryTableViewCell.xib in Resources */,
				18B3C5D5281F3F2100855682 /* Poppins-Regular.ttf in Resources */,
				1818D9F9281E59C700CB0BE9 /* TCDefaultStoryTableViewCell.xib in Resources */,
				1895CFF2281F1098004815CE /* TCImageDetailViewController.storyboard in Resources */,
				187BF812281CFF7E00A0C2E2 /* Assets.xcassets in Resources */,
				18CAD7C2281D9CFE00A07626 /* TCHighlightCollectionViewCell.xib in Resources */,
				18CAD7D4281DB30500A07626 /* TCCourseTableViewCell.xib in Resources */,
				18B3C5DB281F421600855682 /* Poppins-Medium.ttf in Resources */,
				18CAD7CB281DA46100A07626 /* TCStoryHeaderView.xib in Resources */,
				1818DA16281F074300CB0BE9 /* App.plist in Resources */,
				18CAD7BC281D9C7400A07626 /* TCHighlightTableViewCell.xib in Resources */,
				18B3C5D7281F40A000855682 /* Poppins-SemiBold.ttf in Resources */,
			);
			runOnlyForDeploymentPostprocessing = 0;
		};
		187BF819281CFF7E00A0C2E2 /* Resources */ = {
			isa = PBXResourcesBuildPhase;
			buildActionMask = 2147483647;
			files = (
			);
			runOnlyForDeploymentPostprocessing = 0;
		};
		187BF823281CFF7E00A0C2E2 /* Resources */ = {
			isa = PBXResourcesBuildPhase;
			buildActionMask = 2147483647;
			files = (
			);
			runOnlyForDeploymentPostprocessing = 0;
		};
/* End PBXResourcesBuildPhase section */

/* Begin PBXShellScriptBuildPhase section */
		A5C8D12991F4E6D7E88FA130 /* [CP] Check Pods Manifest.lock */ = {
			isa = PBXShellScriptBuildPhase;
			buildActionMask = 2147483647;
			files = (
			);
			inputFileListPaths = (
			);
			inputPaths = (
				"${PODS_PODFILE_DIR_PATH}/Podfile.lock",
				"${PODS_ROOT}/Manifest.lock",
			);
			name = "[CP] Check Pods Manifest.lock";
			outputFileListPaths = (
			);
			outputPaths = (
				"$(DERIVED_FILE_DIR)/Pods-TringConnect-checkManifestLockResult.txt",
			);
			runOnlyForDeploymentPostprocessing = 0;
			shellPath = /bin/sh;
			shellScript = "diff \"${PODS_PODFILE_DIR_PATH}/Podfile.lock\" \"${PODS_ROOT}/Manifest.lock\" > /dev/null\nif [ $? != 0 ] ; then\n    # print error to STDERR\n    echo \"error: The sandbox is not in sync with the Podfile.lock. Run 'pod install' or update your CocoaPods installation.\" >&2\n    exit 1\nfi\n# This output is used by Xcode 'outputs' to avoid re-running this script phase.\necho \"SUCCESS\" > \"${SCRIPT_OUTPUT_FILE_0}\"\n";
			showEnvVarsInLog = 0;
		};
		B71C4DF1DE1DD5D079AF5BCC /* [CP] Embed Pods Frameworks */ = {
			isa = PBXShellScriptBuildPhase;
			buildActionMask = 2147483647;
			files = (
			);
			inputFileListPaths = (
				"${PODS_ROOT}/Target Support Files/Pods-TringConnect/Pods-TringConnect-frameworks-${CONFIGURATION}-input-files.xcfilelist",
			);
			name = "[CP] Embed Pods Frameworks";
			outputFileListPaths = (
				"${PODS_ROOT}/Target Support Files/Pods-TringConnect/Pods-TringConnect-frameworks-${CONFIGURATION}-output-files.xcfilelist",
			);
			runOnlyForDeploymentPostprocessing = 0;
			shellPath = /bin/sh;
			shellScript = "\"${PODS_ROOT}/Target Support Files/Pods-TringConnect/Pods-TringConnect-frameworks.sh\"\n";
			showEnvVarsInLog = 0;
		};
/* End PBXShellScriptBuildPhase section */

/* Begin PBXSourcesBuildPhase section */
		187BF7FE281CFF7D00A0C2E2 /* Sources */ = {
			isa = PBXSourcesBuildPhase;
			buildActionMask = 2147483647;
			files = (
				185A3FD4281D7035009331E6 /* TCNetworkService.swift in Sources */,
				18CAD7CF281DA4A100A07626 /* TCStoryFooterView.swift in Sources */,
				185A3FC7281D6627009331E6 /* TCHomeViewController.swift in Sources */,
				1818DA09281EA40C00CB0BE9 /* TCUtility.swift in Sources */,
				187BF806281CFF7D00A0C2E2 /* AppDelegate.swift in Sources */,
				1818DA1A281F092600CB0BE9 /* TCParserUtility.swift in Sources */,
				1818DA14281F039B00CB0BE9 /* TCCustomBarButton.swift in Sources */,
				1818D9F8281E59C700CB0BE9 /* TCDefaultStoryTableViewCell.swift in Sources */,
				1818DA06281E5A7800CB0BE9 /* TCStoryViewModel.swift in Sources */,
				18CAD7BB281D9C7400A07626 /* TCHighlightTableViewCell.swift in Sources */,
				1818DA0B281EACF300CB0BE9 /* TCStoryFooterViewModel.swift in Sources */,
				1818DA01281E5A2700CB0BE9 /* TCPromotionStoryTableViewCell.swift in Sources */,
				18CAD7C4281D9EA700A07626 /* TCHighlightViewModel.swift in Sources */,
				1895CFF4281F10C3004815CE /* TCImageDetailViewController.swift in Sources */,
				1818DA0D281EAD0F00CB0BE9 /* TCStoryHeaderViewModel.swift in Sources */,
				18CAD7DA281DB4ED00A07626 /* TCCourseCollectionViewCell.swift in Sources */,
				18CAD7D3281DB30500A07626 /* TCCourseTableViewCell.swift in Sources */,
				185A3FD6281D7D37009331E6 /* TCContextItem.swift in Sources */,
				1818DA10281EF0A300CB0BE9 /* TCPlaceholderViewController.swift in Sources */,
				18CAD7C9281DA44B00A07626 /* TCStoryHeaderView.swift in Sources */,
				1818D9F1281E507600CB0BE9 /* TCConstants.swift in Sources */,
				1818D9FD281E5A0000CB0BE9 /* TCHybridStoryTableViewCell.swift in Sources */,
				18CAD7C1281D9CFE00A07626 /* TCHighlightCollectionViewCell.swift in Sources */,
				187BF808281CFF7D00A0C2E2 /* SceneDelegate.swift in Sources */,
				18CAD7B6281D96E700A07626 /* TCHomeViewModel.swift in Sources */,
				187BF810281CFF7D00A0C2E2 /* TringConnect.xcdatamodeld in Sources */,
				1818DA04281E5A4600CB0BE9 /* TCCourseViewModel.swift in Sources */,
				1818DA18281F079900CB0BE9 /* TCAppConfiguration.swift in Sources */,
			);
			runOnlyForDeploymentPostprocessing = 0;
		};
		187BF817281CFF7E00A0C2E2 /* Sources */ = {
			isa = PBXSourcesBuildPhase;
			buildActionMask = 2147483647;
			files = (
				187BF820281CFF7E00A0C2E2 /* TringConnectTests.swift in Sources */,
			);
			runOnlyForDeploymentPostprocessing = 0;
		};
		187BF821281CFF7E00A0C2E2 /* Sources */ = {
			isa = PBXSourcesBuildPhase;
			buildActionMask = 2147483647;
			files = (
				187BF82C281CFF7E00A0C2E2 /* TringConnectUITestsLaunchTests.swift in Sources */,
				187BF82A281CFF7E00A0C2E2 /* TringConnectUITests.swift in Sources */,
			);
			runOnlyForDeploymentPostprocessing = 0;
		};
/* End PBXSourcesBuildPhase section */

/* Begin PBXTargetDependency section */
		187BF81D281CFF7E00A0C2E2 /* PBXTargetDependency */ = {
			isa = PBXTargetDependency;
			target = 187BF801281CFF7D00A0C2E2 /* TringConnect */;
			targetProxy = 187BF81C281CFF7E00A0C2E2 /* PBXContainerItemProxy */;
		};
		187BF827281CFF7E00A0C2E2 /* PBXTargetDependency */ = {
			isa = PBXTargetDependency;
			target = 187BF801281CFF7D00A0C2E2 /* TringConnect */;
			targetProxy = 187BF826281CFF7E00A0C2E2 /* PBXContainerItemProxy */;
		};
/* End PBXTargetDependency section */

/* Begin PBXVariantGroup section */
		187BF813281CFF7E00A0C2E2 /* TCLaunchScreen.storyboard */ = {
			isa = PBXVariantGroup;
			children = (
				187BF814281CFF7E00A0C2E2 /* Base */,
			);
			name = TCLaunchScreen.storyboard;
			sourceTree = "<group>";
		};
/* End PBXVariantGroup section */

/* Begin XCBuildConfiguration section */
		187BF82D281CFF7E00A0C2E2 /* Debug */ = {
			isa = XCBuildConfiguration;
			buildSettings = {
				ALWAYS_SEARCH_USER_PATHS = NO;
				CLANG_ANALYZER_NONNULL = YES;
				CLANG_ANALYZER_NUMBER_OBJECT_CONVERSION = YES_AGGRESSIVE;
				CLANG_CXX_LANGUAGE_STANDARD = "gnu++17";
				CLANG_CXX_LIBRARY = "libc++";
				CLANG_ENABLE_MODULES = YES;
				CLANG_ENABLE_OBJC_ARC = YES;
				CLANG_ENABLE_OBJC_WEAK = YES;
				CLANG_WARN_BLOCK_CAPTURE_AUTORELEASING = YES;
				CLANG_WARN_BOOL_CONVERSION = YES;
				CLANG_WARN_COMMA = YES;
				CLANG_WARN_CONSTANT_CONVERSION = YES;
				CLANG_WARN_DEPRECATED_OBJC_IMPLEMENTATIONS = YES;
				CLANG_WARN_DIRECT_OBJC_ISA_USAGE = YES_ERROR;
				CLANG_WARN_DOCUMENTATION_COMMENTS = YES;
				CLANG_WARN_EMPTY_BODY = YES;
				CLANG_WARN_ENUM_CONVERSION = YES;
				CLANG_WARN_INFINITE_RECURSION = YES;
				CLANG_WARN_INT_CONVERSION = YES;
				CLANG_WARN_NON_LITERAL_NULL_CONVERSION = YES;
				CLANG_WARN_OBJC_IMPLICIT_RETAIN_SELF = YES;
				CLANG_WARN_OBJC_LITERAL_CONVERSION = YES;
				CLANG_WARN_OBJC_ROOT_CLASS = YES_ERROR;
				CLANG_WARN_QUOTED_INCLUDE_IN_FRAMEWORK_HEADER = YES;
				CLANG_WARN_RANGE_LOOP_ANALYSIS = YES;
				CLANG_WARN_STRICT_PROTOTYPES = YES;
				CLANG_WARN_SUSPICIOUS_MOVE = YES;
				CLANG_WARN_UNGUARDED_AVAILABILITY = YES_AGGRESSIVE;
				CLANG_WARN_UNREACHABLE_CODE = YES;
				CLANG_WARN__DUPLICATE_METHOD_MATCH = YES;
				COPY_PHASE_STRIP = NO;
				DEBUG_INFORMATION_FORMAT = dwarf;
				ENABLE_STRICT_OBJC_MSGSEND = YES;
				ENABLE_TESTABILITY = YES;
				GCC_C_LANGUAGE_STANDARD = gnu11;
				GCC_DYNAMIC_NO_PIC = NO;
				GCC_NO_COMMON_BLOCKS = YES;
				GCC_OPTIMIZATION_LEVEL = 0;
				GCC_PREPROCESSOR_DEFINITIONS = (
					"DEBUG=1",
					"$(inherited)",
				);
				GCC_WARN_64_TO_32_BIT_CONVERSION = YES;
				GCC_WARN_ABOUT_RETURN_TYPE = YES_ERROR;
				GCC_WARN_UNDECLARED_SELECTOR = YES;
				GCC_WARN_UNINITIALIZED_AUTOS = YES_AGGRESSIVE;
				GCC_WARN_UNUSED_FUNCTION = YES;
				GCC_WARN_UNUSED_VARIABLE = YES;
				IPHONEOS_DEPLOYMENT_TARGET = 15.0;
				MTL_ENABLE_DEBUG_INFO = INCLUDE_SOURCE;
				MTL_FAST_MATH = YES;
				ONLY_ACTIVE_ARCH = YES;
				SDKROOT = iphoneos;
				SWIFT_ACTIVE_COMPILATION_CONDITIONS = DEBUG;
				SWIFT_OPTIMIZATION_LEVEL = "-Onone";
			};
			name = Debug;
		};
		187BF82E281CFF7E00A0C2E2 /* Release */ = {
			isa = XCBuildConfiguration;
			buildSettings = {
				ALWAYS_SEARCH_USER_PATHS = NO;
				CLANG_ANALYZER_NONNULL = YES;
				CLANG_ANALYZER_NUMBER_OBJECT_CONVERSION = YES_AGGRESSIVE;
				CLANG_CXX_LANGUAGE_STANDARD = "gnu++17";
				CLANG_CXX_LIBRARY = "libc++";
				CLANG_ENABLE_MODULES = YES;
				CLANG_ENABLE_OBJC_ARC = YES;
				CLANG_ENABLE_OBJC_WEAK = YES;
				CLANG_WARN_BLOCK_CAPTURE_AUTORELEASING = YES;
				CLANG_WARN_BOOL_CONVERSION = YES;
				CLANG_WARN_COMMA = YES;
				CLANG_WARN_CONSTANT_CONVERSION = YES;
				CLANG_WARN_DEPRECATED_OBJC_IMPLEMENTATIONS = YES;
				CLANG_WARN_DIRECT_OBJC_ISA_USAGE = YES_ERROR;
				CLANG_WARN_DOCUMENTATION_COMMENTS = YES;
				CLANG_WARN_EMPTY_BODY = YES;
				CLANG_WARN_ENUM_CONVERSION = YES;
				CLANG_WARN_INFINITE_RECURSION = YES;
				CLANG_WARN_INT_CONVERSION = YES;
				CLANG_WARN_NON_LITERAL_NULL_CONVERSION = YES;
				CLANG_WARN_OBJC_IMPLICIT_RETAIN_SELF = YES;
				CLANG_WARN_OBJC_LITERAL_CONVERSION = YES;
				CLANG_WARN_OBJC_ROOT_CLASS = YES_ERROR;
				CLANG_WARN_QUOTED_INCLUDE_IN_FRAMEWORK_HEADER = YES;
				CLANG_WARN_RANGE_LOOP_ANALYSIS = YES;
				CLANG_WARN_STRICT_PROTOTYPES = YES;
				CLANG_WARN_SUSPICIOUS_MOVE = YES;
				CLANG_WARN_UNGUARDED_AVAILABILITY = YES_AGGRESSIVE;
				CLANG_WARN_UNREACHABLE_CODE = YES;
				CLANG_WARN__DUPLICATE_METHOD_MATCH = YES;
				COPY_PHASE_STRIP = NO;
				DEBUG_INFORMATION_FORMAT = "dwarf-with-dsym";
				ENABLE_NS_ASSERTIONS = NO;
				ENABLE_STRICT_OBJC_MSGSEND = YES;
				GCC_C_LANGUAGE_STANDARD = gnu11;
				GCC_NO_COMMON_BLOCKS = YES;
				GCC_WARN_64_TO_32_BIT_CONVERSION = YES;
				GCC_WARN_ABOUT_RETURN_TYPE = YES_ERROR;
				GCC_WARN_UNDECLARED_SELECTOR = YES;
				GCC_WARN_UNINITIALIZED_AUTOS = YES_AGGRESSIVE;
				GCC_WARN_UNUSED_FUNCTION = YES;
				GCC_WARN_UNUSED_VARIABLE = YES;
				IPHONEOS_DEPLOYMENT_TARGET = 15.0;
				MTL_ENABLE_DEBUG_INFO = NO;
				MTL_FAST_MATH = YES;
				SDKROOT = iphoneos;
				SWIFT_COMPILATION_MODE = wholemodule;
				SWIFT_OPTIMIZATION_LEVEL = "-O";
				VALIDATE_PRODUCT = YES;
			};
			name = Release;
		};
		187BF830281CFF7E00A0C2E2 /* Debug */ = {
			isa = XCBuildConfiguration;
			baseConfigurationReference = 35A0280F11059B8AFA69D64F /* Pods-TringConnect.debug.xcconfig */;
			buildSettings = {
				ASSETCATALOG_COMPILER_APPICON_NAME = AppIcon;
				ASSETCATALOG_COMPILER_GLOBAL_ACCENT_COLOR_NAME = AccentColor;
				CODE_SIGN_STYLE = Automatic;
				CURRENT_PROJECT_VERSION = 1;
				GENERATE_INFOPLIST_FILE = YES;
				INFOPLIST_FILE = /Users/apple/Documents/TringConnect/TringConnect/SupportingFiles/Info.plist;
				INFOPLIST_KEY_UIApplicationSupportsIndirectInputEvents = YES;
				INFOPLIST_KEY_UILaunchStoryboardName = TCLaunchScreen;
				INFOPLIST_KEY_UIMainStoryboardFile = TCHomeViewController;
				INFOPLIST_KEY_UISupportedInterfaceOrientations_iPad = "UIInterfaceOrientationPortrait UIInterfaceOrientationPortraitUpsideDown UIInterfaceOrientationLandscapeLeft UIInterfaceOrientationLandscapeRight";
				INFOPLIST_KEY_UISupportedInterfaceOrientations_iPhone = "UIInterfaceOrientationPortrait UIInterfaceOrientationLandscapeLeft UIInterfaceOrientationLandscapeRight";
				LD_RUNPATH_SEARCH_PATHS = (
					"$(inherited)",
					"@executable_path/Frameworks",
				);
				MARKETING_VERSION = 1.0;
				PRODUCT_BUNDLE_IDENTIFIER = com.tringconnect.TringConnect;
				PRODUCT_NAME = "$(TARGET_NAME)";
				SWIFT_EMIT_LOC_STRINGS = YES;
				SWIFT_VERSION = 5.0;
				TARGETED_DEVICE_FAMILY = "1,2";
			};
			name = Debug;
		};
		187BF831281CFF7E00A0C2E2 /* Release */ = {
			isa = XCBuildConfiguration;
			baseConfigurationReference = 582B4BBED0D19D460F2C0131 /* Pods-TringConnect.release.xcconfig */;
			buildSettings = {
				ASSETCATALOG_COMPILER_APPICON_NAME = AppIcon;
				ASSETCATALOG_COMPILER_GLOBAL_ACCENT_COLOR_NAME = AccentColor;
				CODE_SIGN_STYLE = Automatic;
				CURRENT_PROJECT_VERSION = 1;
				GENERATE_INFOPLIST_FILE = YES;
				INFOPLIST_FILE = /Users/apple/Documents/TringConnect/TringConnect/SupportingFiles/Info.plist;
				INFOPLIST_KEY_UIApplicationSupportsIndirectInputEvents = YES;
				INFOPLIST_KEY_UILaunchStoryboardName = TCLaunchScreen;
				INFOPLIST_KEY_UIMainStoryboardFile = TCHomeViewController;
				INFOPLIST_KEY_UISupportedInterfaceOrientations_iPad = "UIInterfaceOrientationPortrait UIInterfaceOrientationPortraitUpsideDown UIInterfaceOrientationLandscapeLeft UIInterfaceOrientationLandscapeRight";
				INFOPLIST_KEY_UISupportedInterfaceOrientations_iPhone = "UIInterfaceOrientationPortrait UIInterfaceOrientationLandscapeLeft UIInterfaceOrientationLandscapeRight";
				LD_RUNPATH_SEARCH_PATHS = (
					"$(inherited)",
					"@executable_path/Frameworks",
				);
				MARKETING_VERSION = 1.0;
				PRODUCT_BUNDLE_IDENTIFIER = com.tringconnect.TringConnect;
				PRODUCT_NAME = "$(TARGET_NAME)";
				SWIFT_EMIT_LOC_STRINGS = YES;
				SWIFT_VERSION = 5.0;
				TARGETED_DEVICE_FAMILY = "1,2";
			};
			name = Release;
		};
		187BF833281CFF7E00A0C2E2 /* Debug */ = {
			isa = XCBuildConfiguration;
			buildSettings = {
				ALWAYS_EMBED_SWIFT_STANDARD_LIBRARIES = YES;
				BUNDLE_LOADER = "$(TEST_HOST)";
				CODE_SIGN_STYLE = Automatic;
				CURRENT_PROJECT_VERSION = 1;
				GENERATE_INFOPLIST_FILE = YES;
				IPHONEOS_DEPLOYMENT_TARGET = 15.0;
				LD_RUNPATH_SEARCH_PATHS = (
					"$(inherited)",
					"@executable_path/Frameworks",
					"@loader_path/Frameworks",
				);
				MARKETING_VERSION = 1.0;
				PRODUCT_BUNDLE_IDENTIFIER = com.tringconnect.TringConnectTests;
				PRODUCT_NAME = "$(TARGET_NAME)";
				SWIFT_EMIT_LOC_STRINGS = NO;
				SWIFT_VERSION = 5.0;
				TARGETED_DEVICE_FAMILY = "1,2";
				TEST_HOST = "$(BUILT_PRODUCTS_DIR)/TringConnect.app/TringConnect";
			};
			name = Debug;
		};
		187BF834281CFF7E00A0C2E2 /* Release */ = {
			isa = XCBuildConfiguration;
			buildSettings = {
				ALWAYS_EMBED_SWIFT_STANDARD_LIBRARIES = YES;
				BUNDLE_LOADER = "$(TEST_HOST)";
				CODE_SIGN_STYLE = Automatic;
				CURRENT_PROJECT_VERSION = 1;
				GENERATE_INFOPLIST_FILE = YES;
				IPHONEOS_DEPLOYMENT_TARGET = 15.0;
				LD_RUNPATH_SEARCH_PATHS = (
					"$(inherited)",
					"@executable_path/Frameworks",
					"@loader_path/Frameworks",
				);
				MARKETING_VERSION = 1.0;
				PRODUCT_BUNDLE_IDENTIFIER = com.tringconnect.TringConnectTests;
				PRODUCT_NAME = "$(TARGET_NAME)";
				SWIFT_EMIT_LOC_STRINGS = NO;
				SWIFT_VERSION = 5.0;
				TARGETED_DEVICE_FAMILY = "1,2";
				TEST_HOST = "$(BUILT_PRODUCTS_DIR)/TringConnect.app/TringConnect";
			};
			name = Release;
		};
		187BF836281CFF7E00A0C2E2 /* Debug */ = {
			isa = XCBuildConfiguration;
			buildSettings = {
				ALWAYS_EMBED_SWIFT_STANDARD_LIBRARIES = YES;
				CODE_SIGN_STYLE = Automatic;
				CURRENT_PROJECT_VERSION = 1;
				GENERATE_INFOPLIST_FILE = YES;
				LD_RUNPATH_SEARCH_PATHS = (
					"$(inherited)",
					"@executable_path/Frameworks",
					"@loader_path/Frameworks",
				);
				MARKETING_VERSION = 1.0;
				PRODUCT_BUNDLE_IDENTIFIER = com.tringconnect.TringConnectUITests;
				PRODUCT_NAME = "$(TARGET_NAME)";
				SWIFT_EMIT_LOC_STRINGS = NO;
				SWIFT_VERSION = 5.0;
				TARGETED_DEVICE_FAMILY = "1,2";
				TEST_TARGET_NAME = TringConnect;
			};
			name = Debug;
		};
		187BF837281CFF7E00A0C2E2 /* Release */ = {
			isa = XCBuildConfiguration;
			buildSettings = {
				ALWAYS_EMBED_SWIFT_STANDARD_LIBRARIES = YES;
				CODE_SIGN_STYLE = Automatic;
				CURRENT_PROJECT_VERSION = 1;
				GENERATE_INFOPLIST_FILE = YES;
				LD_RUNPATH_SEARCH_PATHS = (
					"$(inherited)",
					"@executable_path/Frameworks",
					"@loader_path/Frameworks",
				);
				MARKETING_VERSION = 1.0;
				PRODUCT_BUNDLE_IDENTIFIER = com.tringconnect.TringConnectUITests;
				PRODUCT_NAME = "$(TARGET_NAME)";
				SWIFT_EMIT_LOC_STRINGS = NO;
				SWIFT_VERSION = 5.0;
				TARGETED_DEVICE_FAMILY = "1,2";
				TEST_TARGET_NAME = TringConnect;
			};
			name = Release;
		};
/* End XCBuildConfiguration section */

/* Begin XCConfigurationList section */
		187BF7FD281CFF7D00A0C2E2 /* Build configuration list for PBXProject "TringConnect" */ = {
			isa = XCConfigurationList;
			buildConfigurations = (
				187BF82D281CFF7E00A0C2E2 /* Debug */,
				187BF82E281CFF7E00A0C2E2 /* Release */,
			);
			defaultConfigurationIsVisible = 0;
			defaultConfigurationName = Release;
		};
		187BF82F281CFF7E00A0C2E2 /* Build configuration list for PBXNativeTarget "TringConnect" */ = {
			isa = XCConfigurationList;
			buildConfigurations = (
				187BF830281CFF7E00A0C2E2 /* Debug */,
				187BF831281CFF7E00A0C2E2 /* Release */,
			);
			defaultConfigurationIsVisible = 0;
			defaultConfigurationName = Release;
		};
		187BF832281CFF7E00A0C2E2 /* Build configuration list for PBXNativeTarget "TringConnectTests" */ = {
			isa = XCConfigurationList;
			buildConfigurations = (
				187BF833281CFF7E00A0C2E2 /* Debug */,
				187BF834281CFF7E00A0C2E2 /* Release */,
			);
			defaultConfigurationIsVisible = 0;
			defaultConfigurationName = Release;
		};
		187BF835281CFF7E00A0C2E2 /* Build configuration list for PBXNativeTarget "TringConnectUITests" */ = {
			isa = XCConfigurationList;
			buildConfigurations = (
				187BF836281CFF7E00A0C2E2 /* Debug */,
				187BF837281CFF7E00A0C2E2 /* Release */,
			);
			defaultConfigurationIsVisible = 0;
			defaultConfigurationName = Release;
		};
/* End XCConfigurationList section */

/* Begin XCVersionGroup section */
		187BF80E281CFF7D00A0C2E2 /* TringConnect.xcdatamodeld */ = {
			isa = XCVersionGroup;
			children = (
				187BF80F281CFF7D00A0C2E2 /* TringConnect.xcdatamodel */,
			);
			currentVersion = 187BF80F281CFF7D00A0C2E2 /* TringConnect.xcdatamodel */;
			path = TringConnect.xcdatamodeld;
			sourceTree = "<group>";
			versionGroupType = wrapper.xcdatamodel;
		};
/* End XCVersionGroup section */
	};
	rootObject = 187BF7FA281CFF7D00A0C2E2 /* Project object */;
}
